// !$*UTF8*$!
{
	archiveVersion = 1;
	classes = {
	};
	objectVersion = 46;
	objects = {

/* Begin PBXBuildFile section */
		83ED33AB1ADC52B4003E243B /* main.cpp in Sources */ = {isa = PBXBuildFile; fileRef = 83ED33AA1ADC52B4003E243B /* main.cpp */; };
/* End PBXBuildFile section */

/* Begin PBXCopyFilesBuildPhase section */
		83ED33A51ADC52B4003E243B /* CopyFiles */ = {
			isa = PBXCopyFilesBuildPhase;
			buildActionMask = 2147483647;
			dstPath = /usr/share/man/man1/;
			dstSubfolderSpec = 0;
			files = (
			);
			runOnlyForDeploymentPostprocessing = 1;
		};
/* End PBXCopyFilesBuildPhase section */

/* Begin PBXFileReference section */
		83ED33A71ADC52B4003E243B /* Six_Degrees_Kevin_Bacon */ = {isa = PBXFileReference; explicitFileType = "compiled.mach-o.executable"; includeInIndex = 0; path = Six_Degrees_Kevin_Bacon; sourceTree = BUILT_PRODUCTS_DIR; };
		83ED33AA1ADC52B4003E243B /* main.cpp */ = {isa = PBXFileReference; lastKnownFileType = sourcecode.cpp.cpp; path = main.cpp; sourceTree = "<group>"; };
/* End PBXFileReference section */

/* Begin PBXFrameworksBuildPhase section */
		83ED33A41ADC52B4003E243B /* Frameworks */ = {
			isa = PBXFrameworksBuildPhase;
			buildActionMask = 2147483647;
			files = (
			);
			runOnlyForDeploymentPostprocessing = 0;
		};
/* End PBXFrameworksBuildPhase section */

/* Begin PBXGroup section */
		83ED339E1ADC52B4003E243B = {
			isa = PBXGroup;
			children = (
				83ED33A91ADC52B4003E243B /* Six_Degrees_Kevin_Bacon */,
				83ED33A81ADC52B4003E243B /* Products */,
			);
			sourceTree = "<group>";
		};
		83ED33A81ADC52B4003E243B /* Products */ = {
			isa = PBXGroup;
			children = (
				83ED33A71ADC52B4003E243B /* Six_Degrees_Kevin_Bacon */,
			);
			name = Products;
			sourceTree = "<group>";
		};
		83ED33A91ADC52B4003E243B /* Six_Degrees_Kevin_Bacon */ = {
			isa = PBXGroup;
			children = (
				83ED33AA1ADC52B4003E243B /* main.cpp */,
			);
			path = Six_Degrees_Kevin_Bacon;
			sourceTree = "<group>";
		};
/* End PBXGroup section */

/* Begin PBXNativeTarget section */
		83ED33A61ADC52B4003E243B /* Six_Degrees_Kevin_Bacon */ = {
			isa = PBXNativeTarget;
			buildConfigurationList = 83ED33AE1ADC52B4003E243B /* Build configuration list for PBXNativeTarget "Six_Degrees_Kevin_Bacon" */;
			buildPhases = (
				83ED33A31ADC52B4003E243B /* Sources */,
				83ED33A41ADC52B4003E243B /* Frameworks */,
				83ED33A51ADC52B4003E243B /* CopyFiles */,
			);
			buildRules = (
			);
			dependencies = (
			);
			name = Six_Degrees_Kevin_Bacon;
			productName = Six_Degrees_Kevin_Bacon;
			productReference = 83ED33A71ADC52B4003E243B /* Six_Degrees_Kevin_Bacon */;
			productType = "com.apple.product-type.tool";
		};
/* End PBXNativeTarget section */

/* Begin PBXProject section */
		83ED339F1ADC52B4003E243B /* Project object */ = {
			isa = PBXProject;
			attributes = {
				LastUpgradeCheck = 0630;
				ORGANIZATIONNAME = "Sarah Mehmedi";
				TargetAttributes = {
					83ED33A61ADC52B4003E243B = {
						CreatedOnToolsVersion = 6.3;
					};
				};
			};
			buildConfigurationList = 83ED33A21ADC52B4003E243B /* Build configuration list for PBXProject "Six_Degrees_Kevin_Bacon" */;
			compatibilityVersion = "Xcode 3.2";
			developmentRegion = English;
			hasScannedForEncodings = 0;
			knownRegions = (
				en,
			);
			mainGroup = 83ED339E1ADC52B4003E243B;
			productRefGroup = 83ED33A81ADC52B4003E243B /* Products */;
			projectDirPath = "";
			projectRoot = "";
			targets = (
				83ED33A61ADC52B4003E243B /* Six_Degrees_Kevin_Bacon */,
			);
		};
/* End PBXProject section */

/* Begin PBXSourcesBuildPhase section */
		83ED33A31ADC52B4003E243B /* Sources */ = {
			isa = PBXSourcesBuildPhase;
			buildActionMask = 2147483647;
			files = (
				83ED33AB1ADC52B4003E243B /* main.cpp in Sources */,
			);
			runOnlyForDeploymentPostprocessing = 0;
		};
/* End PBXSourcesBuildPhase section */

/* Begin XCBuildConfiguration section */
		83ED33AC1ADC52B4003E243B /* Debug */ = {
			isa = XCBuildConfiguration;
			buildSettings = {
				ALWAYS_SEARCH_USER_PATHS = NO;
				CLANG_CXX_LANGUAGE_STANDARD = "gnu++0x";
				CLANG_CXX_LIBRARY = "libc++";
				CLANG_ENABLE_MODULES = YES;
				CLANG_ENABLE_OBJC_ARC = YES;
				CLANG_WARN_BOOL_CONVERSION = YES;
				CLANG_WARN_CONSTANT_CONVERSION = YES;
				CLANG_WARN_DIRECT_OBJC_ISA_USAGE = YES_ERROR;
				CLANG_WARN_EMPTY_BODY = YES;
				CLANG_WARN_ENUM_CONVERSION = YES;
				CLANG_WARN_INT_CONVERSION = YES;
				CLANG_WARN_OBJC_ROOT_CLASS = YES_ERROR;
				CLANG_WARN_UNREACHABLE_CODE = YES;
				CLANG_WARN__DUPLICATE_METHOD_MATCH = YES;
				COPY_PHASE_STRIP = NO;
				DEBUG_INFORMATION_FORMAT = dwarf;
				ENABLE_STRICT_OBJC_MSGSEND = YES;
				GCC_C_LANGUAGE_STANDARD = gnu99;
				GCC_DYNAMIC_NO_PIC = NO;
				GCC_NO_COMMON_BLOCKS = YES;
				GCC_OPTIMIZATION_LEVEL = 0;
				GCC_PREPROCESSOR_DEFINITIONS = (
					"DEBUG=1",
					"$(inherited)",
				);
				GCC_SYMBOLS_PRIVATE_EXTERN = NO;
				GCC_WARN_64_TO_32_BIT_CONVERSION = YES;
				GCC_WARN_ABOUT_RETURN_TYPE = YES_ERROR;
				GCC_WARN_UNDECLARED_SELECTOR = YES;
				GCC_WARN_UNINITIALIZED_AUTOS = YES_AGGRESSIVE;
				GCC_WARN_UNUSED_FUNCTION = YES;
				GCC_WARN_UNUSED_VARIABLE = YES;
				MACOSX_DEPLOYMENT_TARGET = 10.10;
				MTL_ENABLE_DEBUG_INFO = YES;
				ONLY_ACTIVE_ARCH = YES;
				SDKROOT = macosx;
			};
			name = Debug;
		};
		83ED33AD1ADC52B4003E243B /* Release */ = {
			isa = XCBuildConfiguration;
			buildSettings = {
				ALWAYS_SEARCH_USER_PATHS = NO;
				CLANG_CXX_LANGUAGE_STANDARD = "gnu++0x";
				CLANG_CXX_LIBRARY = "libc++";
				CLANG_ENABLE_MODULES = YES;
				CLANG_ENABLE_OBJC_ARC = YES;
				CLANG_WARN_BOOL_CONVERSION = YES;
				CLANG_WARN_CONSTANT_CONVERSION = YES;
				CLANG_WARN_DIRECT_OBJC_ISA_USAGE = YES_ERROR;
				CLANG_WARN_EMPTY_BODY = YES;
				CLANG_WARN_ENUM_CONVERSION = YES;
				CLANG_WARN_INT_CONVERSION = YES;
				CLANG_WARN_OBJC_ROOT_CLASS = YES_ERROR;
				CLANG_WARN_UNREACHABLE_CODE = YES;
				CLANG_WARN__DUPLICATE_METHOD_MATCH = YES;
				COPY_PHASE_STRIP = NO;
				DEBUG_INFORMATION_FORMAT = "dwarf-with-dsym";
				ENABLE_NS_ASSERTIONS = NO;
				ENABLE_STRICT_OBJC_MSGSEND = YES;
				GCC_C_LANGUAGE_STANDARD = gnu99;
				GCC_NO_COMMON_BLOCKS = YES;
				GCC_WARN_64_TO_32_BIT_CONVERSION = YES;
				GCC_WARN_ABOUT_RETURN_TYPE = YES_ERROR;
				GCC_WARN_UNDECLARED_SELECTOR = YES;
				GCC_WARN_UNINITIALIZED_AUTOS = YES_AGGRESSIVE;
				GCC_WARN_UNUSED_FUNCTION = YES;
				GCC_WARN_UNUSED_VARIABLE = YES;
				MACOSX_DEPLOYMENT_TARGET = 10.10;
				MTL_ENABLE_DEBUG_INFO = NO;
				SDKROOT = macosx;
			};
			name = Release;
		};
		83ED33AF1ADC52B4003E243B /* Debug */ = {
			isa = XCBuildConfiguration;
			buildSettings = {
				PRODUCT_NAME = "$(TARGET_NAME)";
			};
			name = Debug;
		};
		83ED33B01ADC52B4003E243B /* Release */ = {
			isa = XCBuildConfiguration;
			buildSettings = {
				PRODUCT_NAME = "$(TARGET_NAME)";
			};
			name = Release;
		};
/* End XCBuildConfiguration section */

/* Begin XCConfigurationList section */
		83ED33A21ADC52B4003E243B /* Build configuration list for PBXProject "Six_Degrees_Kevin_Bacon" */ = {
			isa = XCConfigurationList;
			buildConfigurations = (
				83ED33AC1ADC52B4003E243B /* Debug */,
				83ED33AD1ADC52B4003E243B /* Release */,
			);
			defaultConfigurationIsVisible = 0;
			defaultConfigurationName = Release;
		};
		83ED33AE1ADC52B4003E243B /* Build configuration list for PBXNativeTarget "Six_Degrees_Kevin_Bacon" */ = {
			isa = XCConfigurationList;
			buildConfigurations = (
				83ED33AF1ADC52B4003E243B /* Debug */,
				83ED33B01ADC52B4003E243B /* Release */,
			);
			defaultConfigurationIsVisible = 0;
		};
/* End XCConfigurationList section */
	};
	rootObject = 83ED339F1ADC52B4003E243B /* Project object */;
}
